// !$*UTF8*$!
{
	archiveVersion = 1;
	classes = {
	};
	objectVersion = 55;
	objects = {

/* Begin PBXBuildFile section */
		4D63406810486F6232EFB427 /* Pods_ParkingApp.framework in Frameworks */ = {isa = PBXBuildFile; fileRef = 64DCE4B22E139EA984309AB7 /* Pods_ParkingApp.framework */; };
		5A15E7DC2B0DB8B700F773C6 /* ParkingDataController.swift in Sources */ = {isa = PBXBuildFile; fileRef = 5A15E7DB2B0DB8B700F773C6 /* ParkingDataController.swift */; };
		5A15E7E22B0DDB7B00F773C6 /* Constants.swift in Sources */ = {isa = PBXBuildFile; fileRef = 5A15E7E12B0DDB7B00F773C6 /* Constants.swift */; };
		5A25CF902B0C499400AE60E4 /* AppDelegate.swift in Sources */ = {isa = PBXBuildFile; fileRef = 5A25CF8F2B0C499400AE60E4 /* AppDelegate.swift */; };
		5A25CF922B0C499400AE60E4 /* SceneDelegate.swift in Sources */ = {isa = PBXBuildFile; fileRef = 5A25CF912B0C499400AE60E4 /* SceneDelegate.swift */; };
		5A25CF942B0C499400AE60E4 /* ViewController.swift in Sources */ = {isa = PBXBuildFile; fileRef = 5A25CF932B0C499400AE60E4 /* ViewController.swift */; };
		5A25CF972B0C499400AE60E4 /* Main.storyboard in Resources */ = {isa = PBXBuildFile; fileRef = 5A25CF952B0C499400AE60E4 /* Main.storyboard */; };
		5A25CF992B0C499500AE60E4 /* Assets.xcassets in Resources */ = {isa = PBXBuildFile; fileRef = 5A25CF982B0C499500AE60E4 /* Assets.xcassets */; };
		5A25CF9C2B0C499500AE60E4 /* LaunchScreen.storyboard in Resources */ = {isa = PBXBuildFile; fileRef = 5A25CF9A2B0C499500AE60E4 /* LaunchScreen.storyboard */; };
		5A25CFA72B0C499500AE60E4 /* ParkingAppTests.swift in Sources */ = {isa = PBXBuildFile; fileRef = 5A25CFA62B0C499500AE60E4 /* ParkingAppTests.swift */; };
		5A25CFB12B0C499500AE60E4 /* ParkingAppUITests.swift in Sources */ = {isa = PBXBuildFile; fileRef = 5A25CFB02B0C499500AE60E4 /* ParkingAppUITests.swift */; };
		5A25CFB32B0C499500AE60E4 /* ParkingAppUITestsLaunchTests.swift in Sources */ = {isa = PBXBuildFile; fileRef = 5A25CFB22B0C499500AE60E4 /* ParkingAppUITestsLaunchTests.swift */; };
		5AEC8C042B0CD2C000D689A2 /* ParkingInfo.swift in Sources */ = {isa = PBXBuildFile; fileRef = 5AEC8C032B0CD2C000D689A2 /* ParkingInfo.swift */; };
		D7F2CFFFEAB7D09BAC3B92EA /* Pods_ParkingApp_ParkingAppUITests.framework in Frameworks */ = {isa = PBXBuildFile; fileRef = C61D8A15684508842FC5D5B2 /* Pods_ParkingApp_ParkingAppUITests.framework */; };
		F7F8CB2C93A6D1579AAB48CD /* Pods_ParkingAppTests.framework in Frameworks */ = {isa = PBXBuildFile; fileRef = DF6F4B9097029A7E1878EE3D /* Pods_ParkingAppTests.framework */; };
/* End PBXBuildFile section */

/* Begin PBXContainerItemProxy section */
		5A25CFA32B0C499500AE60E4 /* PBXContainerItemProxy */ = {
			isa = PBXContainerItemProxy;
			containerPortal = 5A25CF842B0C499400AE60E4 /* Project object */;
			proxyType = 1;
			remoteGlobalIDString = 5A25CF8B2B0C499400AE60E4;
			remoteInfo = ParkingApp;
		};
		5A25CFAD2B0C499500AE60E4 /* PBXContainerItemProxy */ = {
			isa = PBXContainerItemProxy;
			containerPortal = 5A25CF842B0C499400AE60E4 /* Project object */;
			proxyType = 1;
			remoteGlobalIDString = 5A25CF8B2B0C499400AE60E4;
			remoteInfo = ParkingApp;
		};
/* End PBXContainerItemProxy section */

/* Begin PBXFileReference section */
		139FA81F93E90405BCED7421 /* Pods-ParkingAppTests.release.xcconfig */ = {isa = PBXFileReference; includeInIndex = 1; lastKnownFileType = text.xcconfig; name = "Pods-ParkingAppTests.release.xcconfig"; path = "Target Support Files/Pods-ParkingAppTests/Pods-ParkingAppTests.release.xcconfig"; sourceTree = "<group>"; };
		4B62297B9CDCB5F055DA7A2C /* Pods-ParkingApp-ParkingAppUITests.release.xcconfig */ = {isa = PBXFileReference; includeInIndex = 1; lastKnownFileType = text.xcconfig; name = "Pods-ParkingApp-ParkingAppUITests.release.xcconfig"; path = "Target Support Files/Pods-ParkingApp-ParkingAppUITests/Pods-ParkingApp-ParkingAppUITests.release.xcconfig"; sourceTree = "<group>"; };
		5A15E7DB2B0DB8B700F773C6 /* ParkingDataController.swift */ = {isa = PBXFileReference; lastKnownFileType = sourcecode.swift; path = ParkingDataController.swift; sourceTree = "<group>"; };
		5A15E7E12B0DDB7B00F773C6 /* Constants.swift */ = {isa = PBXFileReference; lastKnownFileType = sourcecode.swift; path = Constants.swift; sourceTree = "<group>"; };
		5A25CF8C2B0C499400AE60E4 /* ParkingApp.app */ = {isa = PBXFileReference; explicitFileType = wrapper.application; includeInIndex = 0; path = ParkingApp.app; sourceTree = BUILT_PRODUCTS_DIR; };
		5A25CF8F2B0C499400AE60E4 /* AppDelegate.swift */ = {isa = PBXFileReference; lastKnownFileType = sourcecode.swift; path = AppDelegate.swift; sourceTree = "<group>"; };
		5A25CF912B0C499400AE60E4 /* SceneDelegate.swift */ = {isa = PBXFileReference; lastKnownFileType = sourcecode.swift; path = SceneDelegate.swift; sourceTree = "<group>"; };
		5A25CF932B0C499400AE60E4 /* ViewController.swift */ = {isa = PBXFileReference; lastKnownFileType = sourcecode.swift; path = ViewController.swift; sourceTree = "<group>"; };
		5A25CF962B0C499400AE60E4 /* Base */ = {isa = PBXFileReference; lastKnownFileType = file.storyboard; name = Base; path = Base.lproj/Main.storyboard; sourceTree = "<group>"; };
		5A25CF982B0C499500AE60E4 /* Assets.xcassets */ = {isa = PBXFileReference; lastKnownFileType = folder.assetcatalog; path = Assets.xcassets; sourceTree = "<group>"; };
		5A25CF9B2B0C499500AE60E4 /* Base */ = {isa = PBXFileReference; lastKnownFileType = file.storyboard; name = Base; path = Base.lproj/LaunchScreen.storyboard; sourceTree = "<group>"; };
		5A25CF9D2B0C499500AE60E4 /* Info.plist */ = {isa = PBXFileReference; lastKnownFileType = text.plist.xml; path = Info.plist; sourceTree = "<group>"; };
		5A25CFA22B0C499500AE60E4 /* ParkingAppTests.xctest */ = {isa = PBXFileReference; explicitFileType = wrapper.cfbundle; includeInIndex = 0; path = ParkingAppTests.xctest; sourceTree = BUILT_PRODUCTS_DIR; };
		5A25CFA62B0C499500AE60E4 /* ParkingAppTests.swift */ = {isa = PBXFileReference; lastKnownFileType = sourcecode.swift; path = ParkingAppTests.swift; sourceTree = "<group>"; };
		5A25CFAC2B0C499500AE60E4 /* ParkingAppUITests.xctest */ = {isa = PBXFileReference; explicitFileType = wrapper.cfbundle; includeInIndex = 0; path = ParkingAppUITests.xctest; sourceTree = BUILT_PRODUCTS_DIR; };
		5A25CFB02B0C499500AE60E4 /* ParkingAppUITests.swift */ = {isa = PBXFileReference; lastKnownFileType = sourcecode.swift; path = ParkingAppUITests.swift; sourceTree = "<group>"; };
		5A25CFB22B0C499500AE60E4 /* ParkingAppUITestsLaunchTests.swift */ = {isa = PBXFileReference; lastKnownFileType = sourcecode.swift; path = ParkingAppUITestsLaunchTests.swift; sourceTree = "<group>"; };
		5AEC8C032B0CD2C000D689A2 /* ParkingInfo.swift */ = {isa = PBXFileReference; lastKnownFileType = sourcecode.swift; path = ParkingInfo.swift; sourceTree = "<group>"; };
		64DCE4B22E139EA984309AB7 /* Pods_ParkingApp.framework */ = {isa = PBXFileReference; explicitFileType = wrapper.framework; includeInIndex = 0; path = Pods_ParkingApp.framework; sourceTree = BUILT_PRODUCTS_DIR; };
		7B42B9224E0527553B585506 /* Pods-ParkingApp-ParkingAppUITests.debug.xcconfig */ = {isa = PBXFileReference; includeInIndex = 1; lastKnownFileType = text.xcconfig; name = "Pods-ParkingApp-ParkingAppUITests.debug.xcconfig"; path = "Target Support Files/Pods-ParkingApp-ParkingAppUITests/Pods-ParkingApp-ParkingAppUITests.debug.xcconfig"; sourceTree = "<group>"; };
		BBD7D4D4FDAB0E5B39D94451 /* Pods-ParkingAppTests.debug.xcconfig */ = {isa = PBXFileReference; includeInIndex = 1; lastKnownFileType = text.xcconfig; name = "Pods-ParkingAppTests.debug.xcconfig"; path = "Target Support Files/Pods-ParkingAppTests/Pods-ParkingAppTests.debug.xcconfig"; sourceTree = "<group>"; };
		C61D8A15684508842FC5D5B2 /* Pods_ParkingApp_ParkingAppUITests.framework */ = {isa = PBXFileReference; explicitFileType = wrapper.framework; includeInIndex = 0; path = Pods_ParkingApp_ParkingAppUITests.framework; sourceTree = BUILT_PRODUCTS_DIR; };
		DA1EC8C89DDB5707264E9FE2 /* Pods-ParkingApp.debug.xcconfig */ = {isa = PBXFileReference; includeInIndex = 1; lastKnownFileType = text.xcconfig; name = "Pods-ParkingApp.debug.xcconfig"; path = "Target Support Files/Pods-ParkingApp/Pods-ParkingApp.debug.xcconfig"; sourceTree = "<group>"; };
		DF6F4B9097029A7E1878EE3D /* Pods_ParkingAppTests.framework */ = {isa = PBXFileReference; explicitFileType = wrapper.framework; includeInIndex = 0; path = Pods_ParkingAppTests.framework; sourceTree = BUILT_PRODUCTS_DIR; };
		FC358C5D145B5012CA6AE7D6 /* Pods-ParkingApp.release.xcconfig */ = {isa = PBXFileReference; includeInIndex = 1; lastKnownFileType = text.xcconfig; name = "Pods-ParkingApp.release.xcconfig"; path = "Target Support Files/Pods-ParkingApp/Pods-ParkingApp.release.xcconfig"; sourceTree = "<group>"; };
/* End PBXFileReference section */

/* Begin PBXFrameworksBuildPhase section */
		5A25CF892B0C499400AE60E4 /* Frameworks */ = {
			isa = PBXFrameworksBuildPhase;
			buildActionMask = 2147483647;
			files = (
				4D63406810486F6232EFB427 /* Pods_ParkingApp.framework in Frameworks */,
			);
			runOnlyForDeploymentPostprocessing = 0;
		};
		5A25CF9F2B0C499500AE60E4 /* Frameworks */ = {
			isa = PBXFrameworksBuildPhase;
			buildActionMask = 2147483647;
			files = (
				F7F8CB2C93A6D1579AAB48CD /* Pods_ParkingAppTests.framework in Frameworks */,
			);
			runOnlyForDeploymentPostprocessing = 0;
		};
		5A25CFA92B0C499500AE60E4 /* Frameworks */ = {
			isa = PBXFrameworksBuildPhase;
			buildActionMask = 2147483647;
			files = (
				D7F2CFFFEAB7D09BAC3B92EA /* Pods_ParkingApp_ParkingAppUITests.framework in Frameworks */,
			);
			runOnlyForDeploymentPostprocessing = 0;
		};
/* End PBXFrameworksBuildPhase section */

/* Begin PBXGroup section */
		136FF5D8363D970624172A22 /* Frameworks */ = {
			isa = PBXGroup;
			children = (
				64DCE4B22E139EA984309AB7 /* Pods_ParkingApp.framework */,
				C61D8A15684508842FC5D5B2 /* Pods_ParkingApp_ParkingAppUITests.framework */,
				DF6F4B9097029A7E1878EE3D /* Pods_ParkingAppTests.framework */,
			);
			name = Frameworks;
			sourceTree = "<group>";
		};
		5A22665F2B0E182300DD1BFB /* Views */ = {
			isa = PBXGroup;
			children = (
				5A25CF932B0C499400AE60E4 /* ViewController.swift */,
			);
			path = Views;
			sourceTree = "<group>";
		};
		5A25CF832B0C499400AE60E4 = {
			isa = PBXGroup;
			children = (
				5A25CF8E2B0C499400AE60E4 /* ParkingApp */,
				5A25CFA52B0C499500AE60E4 /* ParkingAppTests */,
				5A25CFAF2B0C499500AE60E4 /* ParkingAppUITests */,
				5A25CF8D2B0C499400AE60E4 /* Products */,
				8167C01291E20C8DEDBBD202 /* Pods */,
				136FF5D8363D970624172A22 /* Frameworks */,
			);
			sourceTree = "<group>";
			usesTabs = 0;
		};
		5A25CF8D2B0C499400AE60E4 /* Products */ = {
			isa = PBXGroup;
			children = (
				5A25CF8C2B0C499400AE60E4 /* ParkingApp.app */,
				5A25CFA22B0C499500AE60E4 /* ParkingAppTests.xctest */,
				5A25CFAC2B0C499500AE60E4 /* ParkingAppUITests.xctest */,
			);
			name = Products;
			sourceTree = "<group>";
		};
		5A25CF8E2B0C499400AE60E4 /* ParkingApp */ = {
			isa = PBXGroup;
			children = (
				5A22665F2B0E182300DD1BFB /* Views */,
				5AEC8C022B0CD2AC00D689A2 /* Models */,
				5AAB13FD2B0C7CCE00AAB240 /* Controllers */,
				5A25CF8F2B0C499400AE60E4 /* AppDelegate.swift */,
				5A25CF912B0C499400AE60E4 /* SceneDelegate.swift */,
				5A25CF952B0C499400AE60E4 /* Main.storyboard */,
				5A25CF982B0C499500AE60E4 /* Assets.xcassets */,
				5A25CF9A2B0C499500AE60E4 /* LaunchScreen.storyboard */,
				5A25CF9D2B0C499500AE60E4 /* Info.plist */,
			);
			path = ParkingApp;
			sourceTree = "<group>";
		};
		5A25CFA52B0C499500AE60E4 /* ParkingAppTests */ = {
			isa = PBXGroup;
			children = (
				5A25CFA62B0C499500AE60E4 /* ParkingAppTests.swift */,
			);
			path = ParkingAppTests;
			sourceTree = "<group>";
		};
		5A25CFAF2B0C499500AE60E4 /* ParkingAppUITests */ = {
			isa = PBXGroup;
			children = (
				5A25CFB02B0C499500AE60E4 /* ParkingAppUITests.swift */,
				5A25CFB22B0C499500AE60E4 /* ParkingAppUITestsLaunchTests.swift */,
			);
			path = ParkingAppUITests;
			sourceTree = "<group>";
		};
		5AAB13FD2B0C7CCE00AAB240 /* Controllers */ = {
			isa = PBXGroup;
			children = (
				5A15E7DB2B0DB8B700F773C6 /* ParkingDataController.swift */,
			);
			path = Controllers;
			sourceTree = "<group>";
		};
		5AEC8C022B0CD2AC00D689A2 /* Models */ = {
			isa = PBXGroup;
			children = (
				5AEC8C032B0CD2C000D689A2 /* ParkingInfo.swift */,
				5A15E7E12B0DDB7B00F773C6 /* Constants.swift */,
			);
			path = Models;
			sourceTree = "<group>";
		};
		8167C01291E20C8DEDBBD202 /* Pods */ = {
			isa = PBXGroup;
			children = (
				DA1EC8C89DDB5707264E9FE2 /* Pods-ParkingApp.debug.xcconfig */,
				FC358C5D145B5012CA6AE7D6 /* Pods-ParkingApp.release.xcconfig */,
				7B42B9224E0527553B585506 /* Pods-ParkingApp-ParkingAppUITests.debug.xcconfig */,
				4B62297B9CDCB5F055DA7A2C /* Pods-ParkingApp-ParkingAppUITests.release.xcconfig */,
				BBD7D4D4FDAB0E5B39D94451 /* Pods-ParkingAppTests.debug.xcconfig */,
				139FA81F93E90405BCED7421 /* Pods-ParkingAppTests.release.xcconfig */,
			);
			path = Pods;
			sourceTree = "<group>";
		};
/* End PBXGroup section */

/* Begin PBXNativeTarget section */
		5A25CF8B2B0C499400AE60E4 /* ParkingApp */ = {
			isa = PBXNativeTarget;
			buildConfigurationList = 5A25CFB62B0C499500AE60E4 /* Build configuration list for PBXNativeTarget "ParkingApp" */;
			buildPhases = (
				1C3067093227AB31C206558E /* [CP] Check Pods Manifest.lock */,
				5A25CF882B0C499400AE60E4 /* Sources */,
				5A25CF892B0C499400AE60E4 /* Frameworks */,
				5A25CF8A2B0C499400AE60E4 /* Resources */,
				C960A81C206D6954D2188DF2 /* [CP] Embed Pods Frameworks */,
			);
			buildRules = (
			);
			dependencies = (
			);
			name = ParkingApp;
			productName = ParkingApp;
			productReference = 5A25CF8C2B0C499400AE60E4 /* ParkingApp.app */;
			productType = "com.apple.product-type.application";
		};
		5A25CFA12B0C499500AE60E4 /* ParkingAppTests */ = {
			isa = PBXNativeTarget;
			buildConfigurationList = 5A25CFB92B0C499500AE60E4 /* Build configuration list for PBXNativeTarget "ParkingAppTests" */;
			buildPhases = (
				7D6BDFA475A944FE71065E61 /* [CP] Check Pods Manifest.lock */,
				5A25CF9E2B0C499500AE60E4 /* Sources */,
				5A25CF9F2B0C499500AE60E4 /* Frameworks */,
				5A25CFA02B0C499500AE60E4 /* Resources */,
			);
			buildRules = (
			);
			dependencies = (
				5A25CFA42B0C499500AE60E4 /* PBXTargetDependency */,
			);
			name = ParkingAppTests;
			productName = ParkingAppTests;
			productReference = 5A25CFA22B0C499500AE60E4 /* ParkingAppTests.xctest */;
			productType = "com.apple.product-type.bundle.unit-test";
		};
		5A25CFAB2B0C499500AE60E4 /* ParkingAppUITests */ = {
			isa = PBXNativeTarget;
			buildConfigurationList = 5A25CFBC2B0C499500AE60E4 /* Build configuration list for PBXNativeTarget "ParkingAppUITests" */;
			buildPhases = (
				5085BBF5D1FBDA5805ADDA0E /* [CP] Check Pods Manifest.lock */,
				5A25CFA82B0C499500AE60E4 /* Sources */,
				5A25CFA92B0C499500AE60E4 /* Frameworks */,
				5A25CFAA2B0C499500AE60E4 /* Resources */,
				0ED61883CC0968411096FF74 /* [CP] Embed Pods Frameworks */,
			);
			buildRules = (
			);
			dependencies = (
				5A25CFAE2B0C499500AE60E4 /* PBXTargetDependency */,
			);
			name = ParkingAppUITests;
			productName = ParkingAppUITests;
			productReference = 5A25CFAC2B0C499500AE60E4 /* ParkingAppUITests.xctest */;
			productType = "com.apple.product-type.bundle.ui-testing";
		};
/* End PBXNativeTarget section */

/* Begin PBXProject section */
		5A25CF842B0C499400AE60E4 /* Project object */ = {
			isa = PBXProject;
			attributes = {
				BuildIndependentTargetsInParallel = 1;
				LastSwiftUpdateCheck = 1500;
				LastUpgradeCheck = 1500;
				TargetAttributes = {
					5A25CF8B2B0C499400AE60E4 = {
						CreatedOnToolsVersion = 15.0.1;
					};
					5A25CFA12B0C499500AE60E4 = {
						CreatedOnToolsVersion = 15.0.1;
						TestTargetID = 5A25CF8B2B0C499400AE60E4;
					};
					5A25CFAB2B0C499500AE60E4 = {
						CreatedOnToolsVersion = 15.0.1;
						TestTargetID = 5A25CF8B2B0C499400AE60E4;
					};
				};
			};
			buildConfigurationList = 5A25CF872B0C499400AE60E4 /* Build configuration list for PBXProject "ParkingApp" */;
			compatibilityVersion = "Xcode 13.0";
			developmentRegion = en;
			hasScannedForEncodings = 0;
			knownRegions = (
				en,
				Base,
			);
			mainGroup = 5A25CF832B0C499400AE60E4;
			productRefGroup = 5A25CF8D2B0C499400AE60E4 /* Products */;
			projectDirPath = "";
			projectRoot = "";
			targets = (
				5A25CF8B2B0C499400AE60E4 /* ParkingApp */,
				5A25CFA12B0C499500AE60E4 /* ParkingAppTests */,
				5A25CFAB2B0C499500AE60E4 /* ParkingAppUITests */,
			);
		};
/* End PBXProject section */

/* Begin PBXResourcesBuildPhase section */
		5A25CF8A2B0C499400AE60E4 /* Resources */ = {
			isa = PBXResourcesBuildPhase;
			buildActionMask = 2147483647;
			files = (
				5A25CF9C2B0C499500AE60E4 /* LaunchScreen.storyboard in Resources */,
				5A25CF992B0C499500AE60E4 /* Assets.xcassets in Resources */,
				5A25CF972B0C499400AE60E4 /* Main.storyboard in Resources */,
			);
			runOnlyForDeploymentPostprocessing = 0;
		};
		5A25CFA02B0C499500AE60E4 /* Resources */ = {
			isa = PBXResourcesBuildPhase;
			buildActionMask = 2147483647;
			files = (
			);
			runOnlyForDeploymentPostprocessing = 0;
		};
		5A25CFAA2B0C499500AE60E4 /* Resources */ = {
			isa = PBXResourcesBuildPhase;
			buildActionMask = 2147483647;
			files = (
			);
			runOnlyForDeploymentPostprocessing = 0;
		};
/* End PBXResourcesBuildPhase section */

/* Begin PBXShellScriptBuildPhase section */
		0ED61883CC0968411096FF74 /* [CP] Embed Pods Frameworks */ = {
			isa = PBXShellScriptBuildPhase;
			buildActionMask = 2147483647;
			files = (
			);
			inputFileListPaths = (
				"${PODS_ROOT}/Target Support Files/Pods-ParkingApp-ParkingAppUITests/Pods-ParkingApp-ParkingAppUITests-frameworks-${CONFIGURATION}-input-files.xcfilelist",
			);
			name = "[CP] Embed Pods Frameworks";
			outputFileListPaths = (
				"${PODS_ROOT}/Target Support Files/Pods-ParkingApp-ParkingAppUITests/Pods-ParkingApp-ParkingAppUITests-frameworks-${CONFIGURATION}-output-files.xcfilelist",
			);
			runOnlyForDeploymentPostprocessing = 0;
			shellPath = /bin/sh;
			shellScript = "\"${PODS_ROOT}/Target Support Files/Pods-ParkingApp-ParkingAppUITests/Pods-ParkingApp-ParkingAppUITests-frameworks.sh\"\n";
			showEnvVarsInLog = 0;
		};
		1C3067093227AB31C206558E /* [CP] Check Pods Manifest.lock */ = {
			isa = PBXShellScriptBuildPhase;
			buildActionMask = 2147483647;
			files = (
			);
			inputFileListPaths = (
			);
			inputPaths = (
				"${PODS_PODFILE_DIR_PATH}/Podfile.lock",
				"${PODS_ROOT}/Manifest.lock",
			);
			name = "[CP] Check Pods Manifest.lock";
			outputFileListPaths = (
			);
			outputPaths = (
				"$(DERIVED_FILE_DIR)/Pods-ParkingApp-checkManifestLockResult.txt",
			);
			runOnlyForDeploymentPostprocessing = 0;
			shellPath = /bin/sh;
			shellScript = "diff \"${PODS_PODFILE_DIR_PATH}/Podfile.lock\" \"${PODS_ROOT}/Manifest.lock\" > /dev/null\nif [ $? != 0 ] ; then\n    # print error to STDERR\n    echo \"error: The sandbox is not in sync with the Podfile.lock. Run 'pod install' or update your CocoaPods installation.\" >&2\n    exit 1\nfi\n# This output is used by Xcode 'outputs' to avoid re-running this script phase.\necho \"SUCCESS\" > \"${SCRIPT_OUTPUT_FILE_0}\"\n";
			showEnvVarsInLog = 0;
		};
		5085BBF5D1FBDA5805ADDA0E /* [CP] Check Pods Manifest.lock */ = {
			isa = PBXShellScriptBuildPhase;
			buildActionMask = 2147483647;
			files = (
			);
			inputFileListPaths = (
			);
			inputPaths = (
				"${PODS_PODFILE_DIR_PATH}/Podfile.lock",
				"${PODS_ROOT}/Manifest.lock",
			);
			name = "[CP] Check Pods Manifest.lock";
			outputFileListPaths = (
			);
			outputPaths = (
				"$(DERIVED_FILE_DIR)/Pods-ParkingApp-ParkingAppUITests-checkManifestLockResult.txt",
			);
			runOnlyForDeploymentPostprocessing = 0;
			shellPath = /bin/sh;
			shellScript = "diff \"${PODS_PODFILE_DIR_PATH}/Podfile.lock\" \"${PODS_ROOT}/Manifest.lock\" > /dev/null\nif [ $? != 0 ] ; then\n    # print error to STDERR\n    echo \"error: The sandbox is not in sync with the Podfile.lock. Run 'pod install' or update your CocoaPods installation.\" >&2\n    exit 1\nfi\n# This output is used by Xcode 'outputs' to avoid re-running this script phase.\necho \"SUCCESS\" > \"${SCRIPT_OUTPUT_FILE_0}\"\n";
			showEnvVarsInLog = 0;
		};
		7D6BDFA475A944FE71065E61 /* [CP] Check Pods Manifest.lock */ = {
			isa = PBXShellScriptBuildPhase;
			buildActionMask = 2147483647;
			files = (
			);
			inputFileListPaths = (
			);
			inputPaths = (
				"${PODS_PODFILE_DIR_PATH}/Podfile.lock",
				"${PODS_ROOT}/Manifest.lock",
			);
			name = "[CP] Check Pods Manifest.lock";
			outputFileListPaths = (
			);
			outputPaths = (
				"$(DERIVED_FILE_DIR)/Pods-ParkingAppTests-checkManifestLockResult.txt",
			);
			runOnlyForDeploymentPostprocessing = 0;
			shellPath = /bin/sh;
			shellScript = "diff \"${PODS_PODFILE_DIR_PATH}/Podfile.lock\" \"${PODS_ROOT}/Manifest.lock\" > /dev/null\nif [ $? != 0 ] ; then\n    # print error to STDERR\n    echo \"error: The sandbox is not in sync with the Podfile.lock. Run 'pod install' or update your CocoaPods installation.\" >&2\n    exit 1\nfi\n# This output is used by Xcode 'outputs' to avoid re-running this script phase.\necho \"SUCCESS\" > \"${SCRIPT_OUTPUT_FILE_0}\"\n";
			showEnvVarsInLog = 0;
		};
		C960A81C206D6954D2188DF2 /* [CP] Embed Pods Frameworks */ = {
			isa = PBXShellScriptBuildPhase;
			buildActionMask = 2147483647;
			files = (
			);
			inputFileListPaths = (
				"${PODS_ROOT}/Target Support Files/Pods-ParkingApp/Pods-ParkingApp-frameworks-${CONFIGURATION}-input-files.xcfilelist",
			);
			name = "[CP] Embed Pods Frameworks";
			outputFileListPaths = (
				"${PODS_ROOT}/Target Support Files/Pods-ParkingApp/Pods-ParkingApp-frameworks-${CONFIGURATION}-output-files.xcfilelist",
			);
			runOnlyForDeploymentPostprocessing = 0;
			shellPath = /bin/sh;
			shellScript = "\"${PODS_ROOT}/Target Support Files/Pods-ParkingApp/Pods-ParkingApp-frameworks.sh\"\n";
			showEnvVarsInLog = 0;
		};
/* End PBXShellScriptBuildPhase section */

/* Begin PBXSourcesBuildPhase section */
		5A25CF882B0C499400AE60E4 /* Sources */ = {
			isa = PBXSourcesBuildPhase;
			buildActionMask = 2147483647;
			files = (
				5A15E7DC2B0DB8B700F773C6 /* ParkingDataController.swift in Sources */,
				5A25CF942B0C499400AE60E4 /* ViewController.swift in Sources */,
				5AEC8C042B0CD2C000D689A2 /* ParkingInfo.swift in Sources */,
				5A15E7E22B0DDB7B00F773C6 /* Constants.swift in Sources */,
				5A25CF902B0C499400AE60E4 /* AppDelegate.swift in Sources */,
				5A25CF922B0C499400AE60E4 /* SceneDelegate.swift in Sources */,
			);
			runOnlyForDeploymentPostprocessing = 0;
		};
		5A25CF9E2B0C499500AE60E4 /* Sources */ = {
			isa = PBXSourcesBuildPhase;
			buildActionMask = 2147483647;
			files = (
				5A25CFA72B0C499500AE60E4 /* ParkingAppTests.swift in Sources */,
			);
			runOnlyForDeploymentPostprocessing = 0;
		};
		5A25CFA82B0C499500AE60E4 /* Sources */ = {
			isa = PBXSourcesBuildPhase;
			buildActionMask = 2147483647;
			files = (
				5A25CFB12B0C499500AE60E4 /* ParkingAppUITests.swift in Sources */,
				5A25CFB32B0C499500AE60E4 /* ParkingAppUITestsLaunchTests.swift in Sources */,
			);
			runOnlyForDeploymentPostprocessing = 0;
		};
/* End PBXSourcesBuildPhase section */

/* Begin PBXTargetDependency section */
		5A25CFA42B0C499500AE60E4 /* PBXTargetDependency */ = {
			isa = PBXTargetDependency;
			target = 5A25CF8B2B0C499400AE60E4 /* ParkingApp */;
			targetProxy = 5A25CFA32B0C499500AE60E4 /* PBXContainerItemProxy */;
		};
		5A25CFAE2B0C499500AE60E4 /* PBXTargetDependency */ = {
			isa = PBXTargetDependency;
			target = 5A25CF8B2B0C499400AE60E4 /* ParkingApp */;
			targetProxy = 5A25CFAD2B0C499500AE60E4 /* PBXContainerItemProxy */;
		};
/* End PBXTargetDependency section */

/* Begin PBXVariantGroup section */
		5A25CF952B0C499400AE60E4 /* Main.storyboard */ = {
			isa = PBXVariantGroup;
			children = (
				5A25CF962B0C499400AE60E4 /* Base */,
			);
			name = Main.storyboard;
			sourceTree = "<group>";
		};
		5A25CF9A2B0C499500AE60E4 /* LaunchScreen.storyboard */ = {
			isa = PBXVariantGroup;
			children = (
				5A25CF9B2B0C499500AE60E4 /* Base */,
			);
			name = LaunchScreen.storyboard;
			sourceTree = "<group>";
		};
/* End PBXVariantGroup section */

/* Begin XCBuildConfiguration section */
		5A25CFB42B0C499500AE60E4 /* Debug */ = {
			isa = XCBuildConfiguration;
			buildSettings = {
				ALWAYS_SEARCH_USER_PATHS = NO;
				ASSETCATALOG_COMPILER_GENERATE_SWIFT_ASSET_SYMBOL_EXTENSIONS = YES;
				CLANG_ANALYZER_NONNULL = YES;
				CLANG_ANALYZER_NUMBER_OBJECT_CONVERSION = YES_AGGRESSIVE;
				CLANG_CXX_LANGUAGE_STANDARD = "gnu++20";
				CLANG_ENABLE_MODULES = YES;
				CLANG_ENABLE_OBJC_ARC = YES;
				CLANG_ENABLE_OBJC_WEAK = YES;
				CLANG_WARN_BLOCK_CAPTURE_AUTORELEASING = YES;
				CLANG_WARN_BOOL_CONVERSION = YES;
				CLANG_WARN_COMMA = YES;
				CLANG_WARN_CONSTANT_CONVERSION = YES;
				CLANG_WARN_DEPRECATED_OBJC_IMPLEMENTATIONS = YES;
				CLANG_WARN_DIRECT_OBJC_ISA_USAGE = YES_ERROR;
				CLANG_WARN_DOCUMENTATION_COMMENTS = YES;
				CLANG_WARN_EMPTY_BODY = YES;
				CLANG_WARN_ENUM_CONVERSION = YES;
				CLANG_WARN_INFINITE_RECURSION = YES;
				CLANG_WARN_INT_CONVERSION = YES;
				CLANG_WARN_NON_LITERAL_NULL_CONVERSION = YES;
				CLANG_WARN_OBJC_IMPLICIT_RETAIN_SELF = YES;
				CLANG_WARN_OBJC_LITERAL_CONVERSION = YES;
				CLANG_WARN_OBJC_ROOT_CLASS = YES_ERROR;
				CLANG_WARN_QUOTED_INCLUDE_IN_FRAMEWORK_HEADER = YES;
				CLANG_WARN_RANGE_LOOP_ANALYSIS = YES;
				CLANG_WARN_STRICT_PROTOTYPES = YES;
				CLANG_WARN_SUSPICIOUS_MOVE = YES;
				CLANG_WARN_UNGUARDED_AVAILABILITY = YES_AGGRESSIVE;
				CLANG_WARN_UNREACHABLE_CODE = YES;
				CLANG_WARN__DUPLICATE_METHOD_MATCH = YES;
				COPY_PHASE_STRIP = NO;
				DEBUG_INFORMATION_FORMAT = dwarf;
				ENABLE_STRICT_OBJC_MSGSEND = YES;
				ENABLE_TESTABILITY = YES;
				ENABLE_USER_SCRIPT_SANDBOXING = NO;
				GCC_C_LANGUAGE_STANDARD = gnu17;
				GCC_DYNAMIC_NO_PIC = NO;
				GCC_NO_COMMON_BLOCKS = YES;
				GCC_OPTIMIZATION_LEVEL = 0;
				GCC_PREPROCESSOR_DEFINITIONS = (
					"DEBUG=1",
					"$(inherited)",
				);
				GCC_WARN_64_TO_32_BIT_CONVERSION = YES;
				GCC_WARN_ABOUT_RETURN_TYPE = YES_ERROR;
				GCC_WARN_UNDECLARED_SELECTOR = YES;
				GCC_WARN_UNINITIALIZED_AUTOS = YES_AGGRESSIVE;
				GCC_WARN_UNUSED_FUNCTION = YES;
				GCC_WARN_UNUSED_VARIABLE = YES;
				IPHONEOS_DEPLOYMENT_TARGET = 17.0;
				LOCALIZATION_PREFERS_STRING_CATALOGS = YES;
				MTL_ENABLE_DEBUG_INFO = INCLUDE_SOURCE;
				MTL_FAST_MATH = YES;
				ONLY_ACTIVE_ARCH = YES;
				SDKROOT = iphoneos;
				SWIFT_ACTIVE_COMPILATION_CONDITIONS = "DEBUG $(inherited)";
				SWIFT_OPTIMIZATION_LEVEL = "-Onone";
			};
			name = Debug;
		};
		5A25CFB52B0C499500AE60E4 /* Release */ = {
			isa = XCBuildConfiguration;
			buildSettings = {
				ALWAYS_SEARCH_USER_PATHS = NO;
				ASSETCATALOG_COMPILER_GENERATE_SWIFT_ASSET_SYMBOL_EXTENSIONS = YES;
				CLANG_ANALYZER_NONNULL = YES;
				CLANG_ANALYZER_NUMBER_OBJECT_CONVERSION = YES_AGGRESSIVE;
				CLANG_CXX_LANGUAGE_STANDARD = "gnu++20";
				CLANG_ENABLE_MODULES = YES;
				CLANG_ENABLE_OBJC_ARC = YES;
				CLANG_ENABLE_OBJC_WEAK = YES;
				CLANG_WARN_BLOCK_CAPTURE_AUTORELEASING = YES;
				CLANG_WARN_BOOL_CONVERSION = YES;
				CLANG_WARN_COMMA = YES;
				CLANG_WARN_CONSTANT_CONVERSION = YES;
				CLANG_WARN_DEPRECATED_OBJC_IMPLEMENTATIONS = YES;
				CLANG_WARN_DIRECT_OBJC_ISA_USAGE = YES_ERROR;
				CLANG_WARN_DOCUMENTATION_COMMENTS = YES;
				CLANG_WARN_EMPTY_BODY = YES;
				CLANG_WARN_ENUM_CONVERSION = YES;
				CLANG_WARN_INFINITE_RECURSION = YES;
				CLANG_WARN_INT_CONVERSION = YES;
				CLANG_WARN_NON_LITERAL_NULL_CONVERSION = YES;
				CLANG_WARN_OBJC_IMPLICIT_RETAIN_SELF = YES;
				CLANG_WARN_OBJC_LITERAL_CONVERSION = YES;
				CLANG_WARN_OBJC_ROOT_CLASS = YES_ERROR;
				CLANG_WARN_QUOTED_INCLUDE_IN_FRAMEWORK_HEADER = YES;
				CLANG_WARN_RANGE_LOOP_ANALYSIS = YES;
				CLANG_WARN_STRICT_PROTOTYPES = YES;
				CLANG_WARN_SUSPICIOUS_MOVE = YES;
				CLANG_WARN_UNGUARDED_AVAILABILITY = YES_AGGRESSIVE;
				CLANG_WARN_UNREACHABLE_CODE = YES;
				CLANG_WARN__DUPLICATE_METHOD_MATCH = YES;
				COPY_PHASE_STRIP = NO;
				DEBUG_INFORMATION_FORMAT = "dwarf-with-dsym";
				ENABLE_NS_ASSERTIONS = NO;
				ENABLE_STRICT_OBJC_MSGSEND = YES;
				ENABLE_USER_SCRIPT_SANDBOXING = NO;
				GCC_C_LANGUAGE_STANDARD = gnu17;
				GCC_NO_COMMON_BLOCKS = YES;
				GCC_WARN_64_TO_32_BIT_CONVERSION = YES;
				GCC_WARN_ABOUT_RETURN_TYPE = YES_ERROR;
				GCC_WARN_UNDECLARED_SELECTOR = YES;
				GCC_WARN_UNINITIALIZED_AUTOS = YES_AGGRESSIVE;
				GCC_WARN_UNUSED_FUNCTION = YES;
				GCC_WARN_UNUSED_VARIABLE = YES;
				IPHONEOS_DEPLOYMENT_TARGET = 17.0;
				LOCALIZATION_PREFERS_STRING_CATALOGS = YES;
				MTL_ENABLE_DEBUG_INFO = NO;
				MTL_FAST_MATH = YES;
				SDKROOT = iphoneos;
				SWIFT_COMPILATION_MODE = wholemodule;
				VALIDATE_PRODUCT = YES;
			};
			name = Release;
		};
		5A25CFB72B0C499500AE60E4 /* Debug */ = {
			isa = XCBuildConfiguration;
			baseConfigurationReference = DA1EC8C89DDB5707264E9FE2 /* Pods-ParkingApp.debug.xcconfig */;
			buildSettings = {
				ASSETCATALOG_COMPILER_APPICON_NAME = AppIcon;
				ASSETCATALOG_COMPILER_GLOBAL_ACCENT_COLOR_NAME = AccentColor;
				CODE_SIGN_STYLE = Automatic;
				CURRENT_PROJECT_VERSION = 1;
				GENERATE_INFOPLIST_FILE = YES;
				INFOPLIST_FILE = ParkingApp/Info.plist;
				INFOPLIST_KEY_UIApplicationSupportsIndirectInputEvents = YES;
				INFOPLIST_KEY_UILaunchStoryboardName = LaunchScreen;
				INFOPLIST_KEY_UIMainStoryboardFile = Main;
				INFOPLIST_KEY_UISupportedInterfaceOrientations_iPad = "UIInterfaceOrientationPortrait UIInterfaceOrientationPortraitUpsideDown UIInterfaceOrientationLandscapeLeft UIInterfaceOrientationLandscapeRight";
				INFOPLIST_KEY_UISupportedInterfaceOrientations_iPhone = "UIInterfaceOrientationPortrait UIInterfaceOrientationLandscapeLeft UIInterfaceOrientationLandscapeRight";
				IPHONEOS_DEPLOYMENT_TARGET = 16.4;
				LD_RUNPATH_SEARCH_PATHS = (
					"$(inherited)",
					"@executable_path/Frameworks",
				);
				MARKETING_VERSION = 1.0;
				PRODUCT_BUNDLE_IDENTIFIER = com.test;
				PRODUCT_NAME = "$(TARGET_NAME)";
				SWIFT_EMIT_LOC_STRINGS = YES;
				SWIFT_VERSION = 5.0;
				TARGETED_DEVICE_FAMILY = "1,2";
			};
			name = Debug;
		};
		5A25CFB82B0C499500AE60E4 /* Release */ = {
			isa = XCBuildConfiguration;
			baseConfigurationReference = FC358C5D145B5012CA6AE7D6 /* Pods-ParkingApp.release.xcconfig */;
			buildSettings = {
				ASSETCATALOG_COMPILER_APPICON_NAME = AppIcon;
				ASSETCATALOG_COMPILER_GLOBAL_ACCENT_COLOR_NAME = AccentColor;
				CODE_SIGN_STYLE = Automatic;
				CURRENT_PROJECT_VERSION = 1;
				GENERATE_INFOPLIST_FILE = YES;
				INFOPLIST_FILE = ParkingApp/Info.plist;
				INFOPLIST_KEY_UIApplicationSupportsIndirectInputEvents = YES;
				INFOPLIST_KEY_UILaunchStoryboardName = LaunchScreen;
				INFOPLIST_KEY_UIMainStoryboardFile = Main;
				INFOPLIST_KEY_UISupportedInterfaceOrientations_iPad = "UIInterfaceOrientationPortrait UIInterfaceOrientationPortraitUpsideDown UIInterfaceOrientationLandscapeLeft UIInterfaceOrientationLandscapeRight";
				INFOPLIST_KEY_UISupportedInterfaceOrientations_iPhone = "UIInterfaceOrientationPortrait UIInterfaceOrientationLandscapeLeft UIInterfaceOrientationLandscapeRight";
				IPHONEOS_DEPLOYMENT_TARGET = 16.4;
				LD_RUNPATH_SEARCH_PATHS = (
					"$(inherited)",
					"@executable_path/Frameworks",
				);
				MARKETING_VERSION = 1.0;
				PRODUCT_BUNDLE_IDENTIFIER = com.test;
				PRODUCT_NAME = "$(TARGET_NAME)";
				SWIFT_EMIT_LOC_STRINGS = YES;
				SWIFT_VERSION = 5.0;
				TARGETED_DEVICE_FAMILY = "1,2";
			};
			name = Release;
		};
		5A25CFBA2B0C499500AE60E4 /* Debug */ = {
			isa = XCBuildConfiguration;
			baseConfigurationReference = BBD7D4D4FDAB0E5B39D94451 /* Pods-ParkingAppTests.debug.xcconfig */;
			buildSettings = {
				ALWAYS_EMBED_SWIFT_STANDARD_LIBRARIES = YES;
				BUNDLE_LOADER = "$(TEST_HOST)";
				CODE_SIGN_STYLE = Automatic;
				CURRENT_PROJECT_VERSION = 1;
				GENERATE_INFOPLIST_FILE = YES;
				IPHONEOS_DEPLOYMENT_TARGET = 17.0;
				MARKETING_VERSION = 1.0;
				PRODUCT_BUNDLE_IDENTIFIER = Sample.ParkingAppTests;
				PRODUCT_NAME = "$(TARGET_NAME)";
				SWIFT_EMIT_LOC_STRINGS = NO;
				SWIFT_VERSION = 5.0;
				TARGETED_DEVICE_FAMILY = "1,2";
				TEST_HOST = "$(BUILT_PRODUCTS_DIR)/ParkingApp.app/$(BUNDLE_EXECUTABLE_FOLDER_PATH)/ParkingApp";
			};
			name = Debug;
		};
		5A25CFBB2B0C499500AE60E4 /* Release */ = {
			isa = XCBuildConfiguration;
			baseConfigurationReference = 139FA81F93E90405BCED7421 /* Pods-ParkingAppTests.release.xcconfig */;
			buildSettings = {
				ALWAYS_EMBED_SWIFT_STANDARD_LIBRARIES = YES;
				BUNDLE_LOADER = "$(TEST_HOST)";
				CODE_SIGN_STYLE = Automatic;
				CURRENT_PROJECT_VERSION = 1;
				GENERATE_INFOPLIST_FILE = YES;
				IPHONEOS_DEPLOYMENT_TARGET = 17.0;
				MARKETING_VERSION = 1.0;
				PRODUCT_BUNDLE_IDENTIFIER = Sample.ParkingAppTests;
				PRODUCT_NAME = "$(TARGET_NAME)";
				SWIFT_EMIT_LOC_STRINGS = NO;
				SWIFT_VERSION = 5.0;
				TARGETED_DEVICE_FAMILY = "1,2";
				TEST_HOST = "$(BUILT_PRODUCTS_DIR)/ParkingApp.app/$(BUNDLE_EXECUTABLE_FOLDER_PATH)/ParkingApp";
			};
			name = Release;
		};
		5A25CFBD2B0C499500AE60E4 /* Debug */ = {
			isa = XCBuildConfiguration;
			baseConfigurationReference = 7B42B9224E0527553B585506 /* Pods-ParkingApp-ParkingAppUITests.debug.xcconfig */;
			buildSettings = {
				ALWAYS_EMBED_SWIFT_STANDARD_LIBRARIES = YES;
				CODE_SIGN_STYLE = Automatic;
				CURRENT_PROJECT_VERSION = 1;
				GENERATE_INFOPLIST_FILE = YES;
				MARKETING_VERSION = 1.0;
				PRODUCT_BUNDLE_IDENTIFIER = Sample.ParkingAppUITests;
				PRODUCT_NAME = "$(TARGET_NAME)";
				SWIFT_EMIT_LOC_STRINGS = NO;
				SWIFT_VERSION = 5.0;
				TARGETED_DEVICE_FAMILY = "1,2";
				TEST_TARGET_NAME = ParkingApp;
			};
			name = Debug;
		};
		5A25CFBE2B0C499500AE60E4 /* Release */ = {
			isa = XCBuildConfiguration;
			baseConfigurationReference = 4B62297B9CDCB5F055DA7A2C /* Pods-ParkingApp-ParkingAppUITests.release.xcconfig */;
			buildSettings = {
				ALWAYS_EMBED_SWIFT_STANDARD_LIBRARIES = YES;
				CODE_SIGN_STYLE = Automatic;
				CURRENT_PROJECT_VERSION = 1;
				GENERATE_INFOPLIST_FILE = YES;
				MARKETING_VERSION = 1.0;
				PRODUCT_BUNDLE_IDENTIFIER = Sample.ParkingAppUITests;
				PRODUCT_NAME = "$(TARGET_NAME)";
				SWIFT_EMIT_LOC_STRINGS = NO;
				SWIFT_VERSION = 5.0;
				TARGETED_DEVICE_FAMILY = "1,2";
				TEST_TARGET_NAME = ParkingApp;
			};
			name = Release;
		};
/* End XCBuildConfiguration section */

/* Begin XCConfigurationList section */
		5A25CF872B0C499400AE60E4 /* Build configuration list for PBXProject "ParkingApp" */ = {
			isa = XCConfigurationList;
			buildConfigurations = (
				5A25CFB42B0C499500AE60E4 /* Debug */,
				5A25CFB52B0C499500AE60E4 /* Release */,
			);
			defaultConfigurationIsVisible = 0;
			defaultConfigurationName = Release;
		};
		5A25CFB62B0C499500AE60E4 /* Build configuration list for PBXNativeTarget "ParkingApp" */ = {
			isa = XCConfigurationList;
			buildConfigurations = (
				5A25CFB72B0C499500AE60E4 /* Debug */,
				5A25CFB82B0C499500AE60E4 /* Release */,
			);
			defaultConfigurationIsVisible = 0;
			defaultConfigurationName = Release;
		};
		5A25CFB92B0C499500AE60E4 /* Build configuration list for PBXNativeTarget "ParkingAppTests" */ = {
			isa = XCConfigurationList;
			buildConfigurations = (
				5A25CFBA2B0C499500AE60E4 /* Debug */,
				5A25CFBB2B0C499500AE60E4 /* Release */,
			);
			defaultConfigurationIsVisible = 0;
			defaultConfigurationName = Release;
		};
		5A25CFBC2B0C499500AE60E4 /* Build configuration list for PBXNativeTarget "ParkingAppUITests" */ = {
			isa = XCConfigurationList;
			buildConfigurations = (
				5A25CFBD2B0C499500AE60E4 /* Debug */,
				5A25CFBE2B0C499500AE60E4 /* Release */,
			);
			defaultConfigurationIsVisible = 0;
			defaultConfigurationName = Release;
		};
/* End XCConfigurationList section */
	};
	rootObject = 5A25CF842B0C499400AE60E4 /* Project object */;
}
